
Microsoft Visual Studio Solution File, Format Version 12.00
# Visual Studio Version 16
VisualStudioVersion = 16.0.30011.22
MinimumVisualStudioVersion = 10.0.40219.1
Project("{FAE04EC0-301F-11D3-BF4B-00C04F79EFBC}") = "ITMO.2020.WinForms.Syatc00M.Lab01.Ex1", "ITMO.WinFormsCourses.Syatc00M.Lab01.Exercise1\ITMO.2020.WinForms.Syatc00M.Lab01.Ex1.csproj", "{77C7FE0A-428C-4D37-B67B-487843A43FD1}"
EndProject
Project("{FAE04EC0-301F-11D3-BF4B-00C04F79EFBC}") = "ITMO.2020.WinForms.Syatc00M.Lab01.Ex2", "ITMO.WinFormsCourses.Syatc00M.Lab01.Exercise2\ITMO.2020.WinForms.Syatc00M.Lab01.Ex2.csproj", "{0F862F13-A042-4AC5-A588-3874AB0D08A5}"
EndProject
Project("{FAE04EC0-301F-11D3-BF4B-00C04F79EFBC}") = "ITMO.2020.WinForms.Syatc00M.Lab01.Ex3", "ITMO.WinFormsCourses.Syatc00M.Lab01.Exercise3\ITMO.2020.WinForms.Syatc00M.Lab01.Ex3.csproj", "{2A4F031B-249E-42A3-AA24-760180612E88}"
EndProject
Project("{FAE04EC0-301F-11D3-BF4B-00C04F79EFBC}") = "ITMO.2020.WinForms.Syatc00M.Lab01.Ex4.MdiApplication", "ITMO.WinFormsCourses.Syatc00M.Lab01.Exercise4\ITMO.2020.WinForms.Syatc00M.Lab01.Ex4.MdiApplication.csproj", "{9FF2B7AE-BB7F-4081-B896-14A1C281741D}"
EndProject
Project("{FAE04EC0-301F-11D3-BF4B-00C04F79EFBC}") = "ITMO.2020.WinForms.Syatc00M.Lab02.Ex1.NoName", "ITMO.WinFormsCourses.Syatc00M.Lab02.Exercise1\ITMO.2020.WinForms.Syatc00M.Lab02.Ex1.NoName.csproj", "{E7B6801D-A292-4397-8917-2006C8C55396}"
EndProject
Project("{FAE04EC0-301F-11D3-BF4B-00C04F79EFBC}") = "ITMO.2020.WinForms.Syatc00M.Lab02.Ex2.NoName", "ITMO.WinFormsCourses.Syatc00M.Lab02.Exercise2\ITMO.2020.WinForms.Syatc00M.Lab02.Ex2.NoName.csproj", "{1BB5CEE0-391D-4C9F-8BE1-496644FB10EF}"
EndProject
Project("{FAE04EC0-301F-11D3-BF4B-00C04F79EFBC}") = "ITMO.2020.WinForms.Syatc00M.Lab02.Ex3.MdiApplication", "ITMO.WinFormsCourses.Syatc00M.Lab02.Exercise3.MDiAplication\ITMO.2020.WinForms.Syatc00M.Lab02.Ex3.MdiApplication.csproj", "{A78D9F52-6473-4448-A4DB-598A58A88B14}"
EndProject
Project("{FAE04EC0-301F-11D3-BF4B-00C04F79EFBC}") = "ITMO.2020.WinForms.Syatc00M.Lab02.Ex4.see Ex 3", "ITMO.WinFormsCourses.Syatc00M.Lab02.Exercise4\ITMO.2020.WinForms.Syatc00M.Lab02.Ex4.see Ex 3.csproj", "{E0A583F8-372F-4FFB-B591-6FD4CFFBF05A}"
EndProject
Project("{FAE04EC0-301F-11D3-BF4B-00C04F79EFBC}") = "ITMO.2020.WinForms.Syatc00M.Lab02.Ex5.WinContainer", "ITMO.WinFormsCourses.Syatc00M.Lab02.Exercise5\ITMO.2020.WinForms.Syatc00M.Lab02.Ex5.WinContainer.csproj", "{9BA99E9A-9402-4CCF-87B5-CD3AB539AE0A}"
EndProject
Project("{FAE04EC0-301F-11D3-BF4B-00C04F79EFBC}") = "ITMO.2020.WinForms.Syatc00M.Lab02.Ex6.BiblWorm", "ITMO.WinFormsCourses.Syatc00M.Lab02.Exercise6.BiblWorm\ITMO.2020.WinForms.Syatc00M.Lab02.Ex6.BiblWorm.csproj", "{BF0A51D6-8D24-4235-9898-16FBFC47E0A6}"
EndProject
Project("{FAE04EC0-301F-11D3-BF4B-00C04F79EFBC}") = "ITMO.2020.WinForms.Syatc00M.Lab02.Ex7.RegistrationForm", "ITMO.WinFormsCourses.Syatc00M.Lab02.Exercise7\ITMO.2020.WinForms.Syatc00M.Lab02.Ex7.RegistrationForm.csproj", "{A33507B6-0573-4517-826C-21E6CB920A84}"
EndProject
Project("{FAE04EC0-301F-11D3-BF4B-00C04F79EFBC}") = "ITMO.2020.WinForms.Syatc00M.Lab02.Ex8.see ex 7", "ITMO.WinFormsCourses.Syatc00M.Lab02.Exercise8\ITMO.2020.WinForms.Syatc00M.Lab02.Ex8.see ex 7.csproj", "{7177FB32-9332-4D7E-A4BD-5FD5A7D7E22F}"
EndProject
Project("{FAE04EC0-301F-11D3-BF4B-00C04F79EFBC}") = "ITMO.2020.WinForms.Syatc00M.Lab03.Ex1.WinTimer1", "ITMO.WinFormsCourses.Syatc00M.Lab03.Exercise1.WinTimer1\ITMO.2020.WinForms.Syatc00M.Lab03.Ex1.WinTimer1.csproj", "{D3C2870A-F303-49D1-8F45-2A2AA92C4E1B}"
EndProject
Project("{FAE04EC0-301F-11D3-BF4B-00C04F79EFBC}") = "ITMO.2020.WinForms.Syatc00M.Lab03.Ex2.WinTimer2", "ITMO.WinFormsCourses.Syatc00M.Lab03.Exersise2\ITMO.2020.WinForms.Syatc00M.Lab03.Ex2.WinTimer2.csproj", "{6845EC2A-3D52-46D3-90EE-F7F652AEA73A}"
EndProject
Project("{FAE04EC0-301F-11D3-BF4B-00C04F79EFBC}") = "ITMO.2020.WinForms.Syatc00M.Lab03.Ex3.WinButNum", "ITMO.WinFormsCourses.Syatc00M.Lab03.Exersise3.WinButNum\ITMO.2020.WinForms.Syatc00M.Lab03.Ex3.WinButNum.csproj", "{61A7CA3C-DCEA-4E0E-B936-569E4DF4BC1A}"
EndProject
Project("{FAE04EC0-301F-11D3-BF4B-00C04F79EFBC}") = "ITMO.2020.WinForms.Syatc00M.Lab04.Ex1.TestStandardDialog", "ITMO.WinFormsCourses.Syatc00M.Lab04.Exercise1\ITMO.2020.WinForms.Syatc00M.Lab04.Ex1.TestStandardDialog.csproj", "{2779149C-8624-40B8-91C4-108709B05D0F}"
EndProject
Project("{FAE04EC0-301F-11D3-BF4B-00C04F79EFBC}") = "ITMO.2020.WinForms.Syatc00M.Lab04.Ex2.EditPerson", "ITMO.WinFormsCourses.Syatc00M.Lab04.Exercise2\ITMO.2020.WinForms.Syatc00M.Lab04.Ex2.EditPerson.csproj", "{15F3F240-C59E-4459-8C72-E31B3E3B750B}"
EndProject
Project("{FAE04EC0-301F-11D3-BF4B-00C04F79EFBC}") = "ITMO.2020.WinForms.Syatc00M.Lab07.Ex1.WinBackGroundWorker", "ITMO.WinForms.Syatc00M.Lab07.Ex1.WinBackGroundWorker\ITMO.2020.WinForms.Syatc00M.Lab07.Ex1.WinBackGroundWorker.csproj", "{0AD0A6E3-7E0F-41A9-B77C-3F078107B73E}"
EndProject
Project("{FAE04EC0-301F-11D3-BF4B-00C04F79EFBC}") = "ITMO.2020.WinForms.Syatc00M.Lab04.Ex3.EditPerson", "ITMO.WinFormsCourses.Syatc00M.Lab04.Exercise3\ITMO.2020.WinForms.Syatc00M.Lab04.Ex3.EditPerson.csproj", "{1B605B9E-492D-49A6-9C71-C4F1D4BDF73B}"
EndProject
Global
	GlobalSection(SolutionConfigurationPlatforms) = preSolution
		Debug|Any CPU = Debug|Any CPU
		Release|Any CPU = Release|Any CPU
	EndGlobalSection
	GlobalSection(ProjectConfigurationPlatforms) = postSolution
		{77C7FE0A-428C-4D37-B67B-487843A43FD1}.Debug|Any CPU.ActiveCfg = Debug|Any CPU
		{77C7FE0A-428C-4D37-B67B-487843A43FD1}.Debug|Any CPU.Build.0 = Debug|Any CPU
		{77C7FE0A-428C-4D37-B67B-487843A43FD1}.Release|Any CPU.ActiveCfg = Release|Any CPU
		{77C7FE0A-428C-4D37-B67B-487843A43FD1}.Release|Any CPU.Build.0 = Release|Any CPU
		{0F862F13-A042-4AC5-A588-3874AB0D08A5}.Debug|Any CPU.ActiveCfg = Debug|Any CPU
		{0F862F13-A042-4AC5-A588-3874AB0D08A5}.Debug|Any CPU.Build.0 = Debug|Any CPU
		{0F862F13-A042-4AC5-A588-3874AB0D08A5}.Release|Any CPU.ActiveCfg = Release|Any CPU
		{0F862F13-A042-4AC5-A588-3874AB0D08A5}.Release|Any CPU.Build.0 = Release|Any CPU
		{2A4F031B-249E-42A3-AA24-760180612E88}.Debug|Any CPU.ActiveCfg = Debug|Any CPU
		{2A4F031B-249E-42A3-AA24-760180612E88}.Debug|Any CPU.Build.0 = Debug|Any CPU
		{2A4F031B-249E-42A3-AA24-760180612E88}.Release|Any CPU.ActiveCfg = Release|Any CPU
		{2A4F031B-249E-42A3-AA24-760180612E88}.Release|Any CPU.Build.0 = Release|Any CPU
		{9FF2B7AE-BB7F-4081-B896-14A1C281741D}.Debug|Any CPU.ActiveCfg = Debug|Any CPU
		{9FF2B7AE-BB7F-4081-B896-14A1C281741D}.Debug|Any CPU.Build.0 = Debug|Any CPU
		{9FF2B7AE-BB7F-4081-B896-14A1C281741D}.Release|Any CPU.ActiveCfg = Release|Any CPU
		{9FF2B7AE-BB7F-4081-B896-14A1C281741D}.Release|Any CPU.Build.0 = Release|Any CPU
		{E7B6801D-A292-4397-8917-2006C8C55396}.Debug|Any CPU.ActiveCfg = Debug|Any CPU
		{E7B6801D-A292-4397-8917-2006C8C55396}.Debug|Any CPU.Build.0 = Debug|Any CPU
		{E7B6801D-A292-4397-8917-2006C8C55396}.Release|Any CPU.ActiveCfg = Release|Any CPU
		{E7B6801D-A292-4397-8917-2006C8C55396}.Release|Any CPU.Build.0 = Release|Any CPU
		{1BB5CEE0-391D-4C9F-8BE1-496644FB10EF}.Debug|Any CPU.ActiveCfg = Debug|Any CPU
		{1BB5CEE0-391D-4C9F-8BE1-496644FB10EF}.Debug|Any CPU.Build.0 = Debug|Any CPU
		{1BB5CEE0-391D-4C9F-8BE1-496644FB10EF}.Release|Any CPU.ActiveCfg = Release|Any CPU
		{1BB5CEE0-391D-4C9F-8BE1-496644FB10EF}.Release|Any CPU.Build.0 = Release|Any CPU
		{A78D9F52-6473-4448-A4DB-598A58A88B14}.Debug|Any CPU.ActiveCfg = Debug|Any CPU
		{A78D9F52-6473-4448-A4DB-598A58A88B14}.Debug|Any CPU.Build.0 = Debug|Any CPU
		{A78D9F52-6473-4448-A4DB-598A58A88B14}.Release|Any CPU.ActiveCfg = Release|Any CPU
		{A78D9F52-6473-4448-A4DB-598A58A88B14}.Release|Any CPU.Build.0 = Release|Any CPU
		{E0A583F8-372F-4FFB-B591-6FD4CFFBF05A}.Debug|Any CPU.ActiveCfg = Debug|Any CPU
		{E0A583F8-372F-4FFB-B591-6FD4CFFBF05A}.Debug|Any CPU.Build.0 = Debug|Any CPU
		{E0A583F8-372F-4FFB-B591-6FD4CFFBF05A}.Release|Any CPU.ActiveCfg = Release|Any CPU
		{E0A583F8-372F-4FFB-B591-6FD4CFFBF05A}.Release|Any CPU.Build.0 = Release|Any CPU
		{9BA99E9A-9402-4CCF-87B5-CD3AB539AE0A}.Debug|Any CPU.ActiveCfg = Debug|Any CPU
		{9BA99E9A-9402-4CCF-87B5-CD3AB539AE0A}.Debug|Any CPU.Build.0 = Debug|Any CPU
		{9BA99E9A-9402-4CCF-87B5-CD3AB539AE0A}.Release|Any CPU.ActiveCfg = Release|Any CPU
		{9BA99E9A-9402-4CCF-87B5-CD3AB539AE0A}.Release|Any CPU.Build.0 = Release|Any CPU
		{BF0A51D6-8D24-4235-9898-16FBFC47E0A6}.Debug|Any CPU.ActiveCfg = Debug|Any CPU
		{BF0A51D6-8D24-4235-9898-16FBFC47E0A6}.Debug|Any CPU.Build.0 = Debug|Any CPU
		{BF0A51D6-8D24-4235-9898-16FBFC47E0A6}.Release|Any CPU.ActiveCfg = Release|Any CPU
		{BF0A51D6-8D24-4235-9898-16FBFC47E0A6}.Release|Any CPU.Build.0 = Release|Any CPU
		{A33507B6-0573-4517-826C-21E6CB920A84}.Debug|Any CPU.ActiveCfg = Debug|Any CPU
		{A33507B6-0573-4517-826C-21E6CB920A84}.Debug|Any CPU.Build.0 = Debug|Any CPU
		{A33507B6-0573-4517-826C-21E6CB920A84}.Release|Any CPU.ActiveCfg = Release|Any CPU
		{A33507B6-0573-4517-826C-21E6CB920A84}.Release|Any CPU.Build.0 = Release|Any CPU
		{7177FB32-9332-4D7E-A4BD-5FD5A7D7E22F}.Debug|Any CPU.ActiveCfg = Debug|Any CPU
		{7177FB32-9332-4D7E-A4BD-5FD5A7D7E22F}.Debug|Any CPU.Build.0 = Debug|Any CPU
		{7177FB32-9332-4D7E-A4BD-5FD5A7D7E22F}.Release|Any CPU.ActiveCfg = Release|Any CPU
		{7177FB32-9332-4D7E-A4BD-5FD5A7D7E22F}.Release|Any CPU.Build.0 = Release|Any CPU
		{D3C2870A-F303-49D1-8F45-2A2AA92C4E1B}.Debug|Any CPU.ActiveCfg = Debug|Any CPU
		{D3C2870A-F303-49D1-8F45-2A2AA92C4E1B}.Debug|Any CPU.Build.0 = Debug|Any CPU
		{D3C2870A-F303-49D1-8F45-2A2AA92C4E1B}.Release|Any CPU.ActiveCfg = Release|Any CPU
		{D3C2870A-F303-49D1-8F45-2A2AA92C4E1B}.Release|Any CPU.Build.0 = Release|Any CPU
		{6845EC2A-3D52-46D3-90EE-F7F652AEA73A}.Debug|Any CPU.ActiveCfg = Debug|Any CPU
		{6845EC2A-3D52-46D3-90EE-F7F652AEA73A}.Debug|Any CPU.Build.0 = Debug|Any CPU
		{6845EC2A-3D52-46D3-90EE-F7F652AEA73A}.Release|Any CPU.ActiveCfg = Release|Any CPU
		{6845EC2A-3D52-46D3-90EE-F7F652AEA73A}.Release|Any CPU.Build.0 = Release|Any CPU
		{61A7CA3C-DCEA-4E0E-B936-569E4DF4BC1A}.Debug|Any CPU.ActiveCfg = Debug|Any CPU
		{61A7CA3C-DCEA-4E0E-B936-569E4DF4BC1A}.Debug|Any CPU.Build.0 = Debug|Any CPU
		{61A7CA3C-DCEA-4E0E-B936-569E4DF4BC1A}.Release|Any CPU.ActiveCfg = Release|Any CPU
		{61A7CA3C-DCEA-4E0E-B936-569E4DF4BC1A}.Release|Any CPU.Build.0 = Release|Any CPU
		{2779149C-8624-40B8-91C4-108709B05D0F}.Debug|Any CPU.ActiveCfg = Debug|Any CPU
		{2779149C-8624-40B8-91C4-108709B05D0F}.Debug|Any CPU.Build.0 = Debug|Any CPU
		{2779149C-8624-40B8-91C4-108709B05D0F}.Release|Any CPU.ActiveCfg = Release|Any CPU
		{2779149C-8624-40B8-91C4-108709B05D0F}.Release|Any CPU.Build.0 = Release|Any CPU
		{15F3F240-C59E-4459-8C72-E31B3E3B750B}.Debug|Any CPU.ActiveCfg = Debug|Any CPU
		{15F3F240-C59E-4459-8C72-E31B3E3B750B}.Debug|Any CPU.Build.0 = Debug|Any CPU
		{15F3F240-C59E-4459-8C72-E31B3E3B750B}.Release|Any CPU.ActiveCfg = Release|Any CPU
		{15F3F240-C59E-4459-8C72-E31B3E3B750B}.Release|Any CPU.Build.0 = Release|Any CPU
		{0AD0A6E3-7E0F-41A9-B77C-3F078107B73E}.Debug|Any CPU.ActiveCfg = Debug|Any CPU
		{0AD0A6E3-7E0F-41A9-B77C-3F078107B73E}.Debug|Any CPU.Build.0 = Debug|Any CPU
		{0AD0A6E3-7E0F-41A9-B77C-3F078107B73E}.Release|Any CPU.ActiveCfg = Release|Any CPU
		{0AD0A6E3-7E0F-41A9-B77C-3F078107B73E}.Release|Any CPU.Build.0 = Release|Any CPU
		{1B605B9E-492D-49A6-9C71-C4F1D4BDF73B}.Debug|Any CPU.ActiveCfg = Debug|Any CPU
		{1B605B9E-492D-49A6-9C71-C4F1D4BDF73B}.Debug|Any CPU.Build.0 = Debug|Any CPU
		{1B605B9E-492D-49A6-9C71-C4F1D4BDF73B}.Release|Any CPU.ActiveCfg = Release|Any CPU
		{1B605B9E-492D-49A6-9C71-C4F1D4BDF73B}.Release|Any CPU.Build.0 = Release|Any CPU
	EndGlobalSection
	GlobalSection(SolutionProperties) = preSolution
		HideSolutionNode = FALSE
	EndGlobalSection
	GlobalSection(ExtensibilityGlobals) = postSolution
		SolutionGuid = {E0E8AEE6-1F3E-457C-88A5-41A05D4137FA}
	EndGlobalSection
EndGlobal
