
Microsoft Visual Studio Solution File, Format Version 12.00
# Visual Studio Version 16
VisualStudioVersion = 16.0.30011.22
MinimumVisualStudioVersion = 10.0.40219.1
Project("{FAE04EC0-301F-11D3-BF4B-00C04F79EFBC}") = "ITMO.CSCourses2020.Syatc00M.Lab01.Exercise1", "ITMO.CSCourses2020.Syatc00M.Lab01.Exercise1.csproj", "{77C7FE0A-428C-4D37-B67B-487843A43FD1}"
EndProject
Global
	GlobalSection(SolutionConfigurationPlatforms) = preSolution
		Debug|Any CPU = Debug|Any CPU
		Release|Any CPU = Release|Any CPU
	EndGlobalSection
	GlobalSection(ProjectConfigurationPlatforms) = postSolution
		{77C7FE0A-428C-4D37-B67B-487843A43FD1}.Debug|Any CPU.ActiveCfg = Debug|Any CPU
		{77C7FE0A-428C-4D37-B67B-487843A43FD1}.Debug|Any CPU.Build.0 = Debug|Any CPU
		{77C7FE0A-428C-4D37-B67B-487843A43FD1}.Release|Any CPU.ActiveCfg = Release|Any CPU
		{77C7FE0A-428C-4D37-B67B-487843A43FD1}.Release|Any CPU.Build.0 = Release|Any CPU
	EndGlobalSection
	GlobalSection(SolutionProperties) = preSolution
		HideSolutionNode = FALSE
	EndGlobalSection
	GlobalSection(ExtensibilityGlobals) = postSolution
		SolutionGuid = {56E3FDB3-61A2-4227-9E50-2843AE052F30}
	EndGlobalSection
EndGlobal
